
Microsoft Visual Studio Solution File, Format Version 12.00
# Visual Studio Version 17
VisualStudioVersion = 17.14.36414.22
MinimumVisualStudioVersion = 10.0.40219.1
Project("{2150E333-8FDC-42A3-9474-1A3956D46DE8}") = "thirdparty", "thirdparty", "{02EA681E-C7D8-13C7-8484-4AC65E1B71E8}"
EndProject
Project("{2150E333-8FDC-42A3-9474-1A3956D46DE8}") = "samples", "samples", "{F1DE189E-4A63-4E7A-AA35-1AE66F2E4C43}"
EndProject
Project("{2150E333-8FDC-42A3-9474-1A3956D46DE8}") = "modules", "modules", "{DC6936D1-879C-44FF-A124-DB4ABED1D09B}"
EndProject
Project("{8BC9CEB8-8B4A-11D0-8D11-00A0C91BC942}") = "SANDBOX", "SANDBOX\SANDBOX.vcxproj", "{1AE1F261-8F2E-407B-9868-32D7804A27DD}"
EndProject
Project("{8BC9CEB8-8B4A-11D0-8D11-00A0C91BC942}") = "CORE", "CORE\CORE.vcxproj", "{57568F08-D4CA-4BBF-AC01-A464881E15BA}"
EndProject
Project("{8BC9CEB8-8B4A-11D0-8D11-00A0C91BC942}") = "PLATFORM", "PLATFORM\PLATFORM.vcxproj", "{C5B38CBA-40B9-4825-B6F0-07CB2578FB91}"
EndProject
Project("{8BC9CEB8-8B4A-11D0-8D11-00A0C91BC942}") = "RENDERING", "RENDERING\RENDERING.vcxproj", "{37F51081-133B-4B54-8846-5BF75849AD98}"
EndProject
Project("{8BC9CEB8-8B4A-11D0-8D11-00A0C91BC942}") = "INPUT", "INPUT\INPUT.vcxproj", "{7CA7F1F5-995C-412F-AB99-AE4043F51FD9}"
EndProject
Global
	GlobalSection(SolutionConfigurationPlatforms) = preSolution
		Debug|x64 = Debug|x64
		Release|x64 = Release|x64
	EndGlobalSection
	GlobalSection(ProjectConfigurationPlatforms) = postSolution
		{1AE1F261-8F2E-407B-9868-32D7804A27DD}.Debug|x64.ActiveCfg = Debug|x64
		{1AE1F261-8F2E-407B-9868-32D7804A27DD}.Debug|x64.Build.0 = Debug|x64
		{1AE1F261-8F2E-407B-9868-32D7804A27DD}.Release|x64.ActiveCfg = Release|x64
		{1AE1F261-8F2E-407B-9868-32D7804A27DD}.Release|x64.Build.0 = Release|x64
		{57568F08-D4CA-4BBF-AC01-A464881E15BA}.Debug|x64.ActiveCfg = Debug|x64
		{57568F08-D4CA-4BBF-AC01-A464881E15BA}.Debug|x64.Build.0 = Debug|x64
		{57568F08-D4CA-4BBF-AC01-A464881E15BA}.Release|x64.ActiveCfg = Release|x64
		{57568F08-D4CA-4BBF-AC01-A464881E15BA}.Release|x64.Build.0 = Release|x64
		{C5B38CBA-40B9-4825-B6F0-07CB2578FB91}.Debug|x64.ActiveCfg = Debug|x64
		{C5B38CBA-40B9-4825-B6F0-07CB2578FB91}.Debug|x64.Build.0 = Debug|x64
		{C5B38CBA-40B9-4825-B6F0-07CB2578FB91}.Release|x64.ActiveCfg = Release|x64
		{C5B38CBA-40B9-4825-B6F0-07CB2578FB91}.Release|x64.Build.0 = Release|x64
		{37F51081-133B-4B54-8846-5BF75849AD98}.Debug|x64.ActiveCfg = Debug|x64
		{37F51081-133B-4B54-8846-5BF75849AD98}.Debug|x64.Build.0 = Debug|x64
		{37F51081-133B-4B54-8846-5BF75849AD98}.Release|x64.ActiveCfg = Release|x64
		{37F51081-133B-4B54-8846-5BF75849AD98}.Release|x64.Build.0 = Release|x64
		{7CA7F1F5-995C-412F-AB99-AE4043F51FD9}.Debug|x64.ActiveCfg = Debug|x64
		{7CA7F1F5-995C-412F-AB99-AE4043F51FD9}.Debug|x64.Build.0 = Debug|x64
		{7CA7F1F5-995C-412F-AB99-AE4043F51FD9}.Release|x64.ActiveCfg = Release|x64
		{7CA7F1F5-995C-412F-AB99-AE4043F51FD9}.Release|x64.Build.0 = Release|x64
	EndGlobalSection
	GlobalSection(SolutionProperties) = preSolution
		HideSolutionNode = FALSE
	EndGlobalSection
	GlobalSection(NestedProjects) = preSolution
		{1AE1F261-8F2E-407B-9868-32D7804A27DD} = {F1DE189E-4A63-4E7A-AA35-1AE66F2E4C43}
		{57568F08-D4CA-4BBF-AC01-A464881E15BA} = {DC6936D1-879C-44FF-A124-DB4ABED1D09B}
		{C5B38CBA-40B9-4825-B6F0-07CB2578FB91} = {DC6936D1-879C-44FF-A124-DB4ABED1D09B}
		{37F51081-133B-4B54-8846-5BF75849AD98} = {DC6936D1-879C-44FF-A124-DB4ABED1D09B}
		{7CA7F1F5-995C-412F-AB99-AE4043F51FD9} = {DC6936D1-879C-44FF-A124-DB4ABED1D09B}
	EndGlobalSection
	GlobalSection(ExtensibilityGlobals) = postSolution
		SolutionGuid = {5289264F-B286-49E1-BB35-B98D753EB73E}
	EndGlobalSection
EndGlobal
